
Microsoft Visual Studio Solution File, Format Version 12.00
# Visual Studio 14
VisualStudioVersion = 14.0.25420.1
MinimumVisualStudioVersion = 10.0.40219.1
Project("{FAE04EC0-301F-11D3-BF4B-00C04F79EFBC}") = "Intrumentacion", "Intrumentacion\Intrumentacion.csproj", "{6751BF17-FA60-46DE-8323-DB41A0AAB48F}"
EndProject
Project("{2150E333-8FDC-42A3-9474-1A3956D46DE8}") = "Solution Items", "Solution Items", "{201E3EF2-8695-4575-B46B-A6D0F2913010}"
	ProjectSection(SolutionItems) = preProject
		Intrumentacion\persona.jpg = Intrumentacion\persona.jpg
	EndProjectSection
EndProject
Global
	GlobalSection(SolutionConfigurationPlatforms) = preSolution
		Debug|Any CPU = Debug|Any CPU
		Release|Any CPU = Release|Any CPU
	EndGlobalSection
	GlobalSection(ProjectConfigurationPlatforms) = postSolution
		{6751BF17-FA60-46DE-8323-DB41A0AAB48F}.Debug|Any CPU.ActiveCfg = Debug|Any CPU
		{6751BF17-FA60-46DE-8323-DB41A0AAB48F}.Debug|Any CPU.Build.0 = Debug|Any CPU
		{6751BF17-FA60-46DE-8323-DB41A0AAB48F}.Release|Any CPU.ActiveCfg = Release|Any CPU
		{6751BF17-FA60-46DE-8323-DB41A0AAB48F}.Release|Any CPU.Build.0 = Release|Any CPU
	EndGlobalSection
	GlobalSection(SolutionProperties) = preSolution
		HideSolutionNode = FALSE
	EndGlobalSection
EndGlobal
